
Microsoft Visual Studio Solution File, Format Version 12.00
# Visual Studio Version 17
VisualStudioVersion = 17.7.34024.191
MinimumVisualStudioVersion = 10.0.40219.1
Project("{FAE04EC0-301F-11D3-BF4B-00C04F79EFBC}") = "projectiassignment", "projectiassignment.csproj", "{79EED688-35C2-45C6-8F80-634EEC770851}"
EndProject
Global
	GlobalSection(SolutionConfigurationPlatforms) = preSolution
		Debug|Any CPU = Debug|Any CPU
		Release|Any CPU = Release|Any CPU
	EndGlobalSection
	GlobalSection(ProjectConfigurationPlatforms) = postSolution
		{79EED688-35C2-45C6-8F80-634EEC770851}.Debug|Any CPU.ActiveCfg = Debug|Any CPU
		{79EED688-35C2-45C6-8F80-634EEC770851}.Debug|Any CPU.Build.0 = Debug|Any CPU
		{79EED688-35C2-45C6-8F80-634EEC770851}.Release|Any CPU.ActiveCfg = Release|Any CPU
		{79EED688-35C2-45C6-8F80-634EEC770851}.Release|Any CPU.Build.0 = Release|Any CPU
	EndGlobalSection
	GlobalSection(SolutionProperties) = preSolution
		HideSolutionNode = FALSE
	EndGlobalSection
	GlobalSection(ExtensibilityGlobals) = postSolution
		SolutionGuid = {8A9C7CE1-F386-4B85-8FEC-169EDAD0EE72}
	EndGlobalSection
EndGlobal
